
Microsoft Visual Studio Solution File, Format Version 12.00
# Visual Studio 2013
VisualStudioVersion = 12.0.40629.0
MinimumVisualStudioVersion = 10.0.40219.1
Project("{FAE04EC0-301F-11D3-BF4B-00C04F79EFBC}") = "angular.directives", "angular.directives\angular.directives.csproj", "{C5BF9DD4-BED8-47A5-BFC4-186F07345BEE}"
EndProject
Global
	GlobalSection(SolutionConfigurationPlatforms) = preSolution
		Debug|Any CPU = Debug|Any CPU
		Release|Any CPU = Release|Any CPU
	EndGlobalSection
	GlobalSection(ProjectConfigurationPlatforms) = postSolution
		{C5BF9DD4-BED8-47A5-BFC4-186F07345BEE}.Debug|Any CPU.ActiveCfg = Debug|Any CPU
		{C5BF9DD4-BED8-47A5-BFC4-186F07345BEE}.Debug|Any CPU.Build.0 = Debug|Any CPU
		{C5BF9DD4-BED8-47A5-BFC4-186F07345BEE}.Release|Any CPU.ActiveCfg = Release|Any CPU
		{C5BF9DD4-BED8-47A5-BFC4-186F07345BEE}.Release|Any CPU.Build.0 = Release|Any CPU
	EndGlobalSection
	GlobalSection(SolutionProperties) = preSolution
		HideSolutionNode = FALSE
	EndGlobalSection
EndGlobal
